
Microsoft Visual Studio Solution File, Format Version 12.00
# Visual Studio Version 17
VisualStudioVersion = 17.8.34330.188
MinimumVisualStudioVersion = 10.0.40219.1
Project("{2150E333-8FDC-42A3-9474-1A3956D46DE8}") = "src", "src", "{A643DA28-D8F6-460E-AE88-8A17D6CDA00A}"
EndProject
Project("{2150E333-8FDC-42A3-9474-1A3956D46DE8}") = "tests", "tests", "{240663E5-23F0-4C1D-828F-3F35AFB1955A}"
EndProject
Project("{9A19103F-16F7-4668-BE54-9A1E7A4F7556}") = "ModernRecrut.Documents.API", "src\ModernRecrut.Documents.API\ModernRecrut.Documents.API.csproj", "{FCC1F5E8-B6DF-4296-85BE-05D9A46DC844}"
EndProject
Project("{9A19103F-16F7-4668-BE54-9A1E7A4F7556}") = "ModernRecrut.Documents.ApplicationCore", "src\ModernRecrut.Documents.ApplicationCore\ModernRecrut.Documents.ApplicationCore.csproj", "{FE2EC4E7-AC41-447A-B117-43E7C4451741}"
EndProject
Project("{9A19103F-16F7-4668-BE54-9A1E7A4F7556}") = "ModernRecrut.Emplois.API", "src\ModernRecrut.Emplois.API\ModernRecrut.Emplois.API.csproj", "{435CFE0D-DEFE-469B-AED2-837BD8161194}"
EndProject
Project("{9A19103F-16F7-4668-BE54-9A1E7A4F7556}") = "ModernRecrut.Emplois.ApplicationCore", "src\ModernRecrut.Emplois.ApplicationCore\ModernRecrut.Emplois.ApplicationCore.csproj", "{F70FE970-2C12-47EC-A68E-028212FFAC8B}"
EndProject
Project("{9A19103F-16F7-4668-BE54-9A1E7A4F7556}") = "ModernRecrut.Emplois.Infrastructure", "src\ModernRecrut.Emplois.Infrastructure\ModernRecrut.Emplois.Infrastructure.csproj", "{61C51058-A673-446C-A0C2-9C1A862FE798}"
EndProject
Project("{9A19103F-16F7-4668-BE54-9A1E7A4F7556}") = "ModernRecrut.Favoris.API", "src\ModernRecrut.Favoris.API\ModernRecrut.Favoris.API.csproj", "{4FDF5714-2066-44B4-AEE7-CC030CCE6A87}"
EndProject
Project("{9A19103F-16F7-4668-BE54-9A1E7A4F7556}") = "ModernRecrut.Favoris.ApplicationCore", "src\ModernRecrut.Favoris.ApplicationCore\ModernRecrut.Favoris.ApplicationCore.csproj", "{C38A7B52-A6A6-4770-9179-5453F74A0B5E}"
EndProject
Project("{9A19103F-16F7-4668-BE54-9A1E7A4F7556}") = "ModernRecrut.MVC", "src\ModernRecrut.MVC\ModernRecrut.MVC.csproj", "{E6F98B55-235A-4FCF-89C1-DD1E2BBFA34D}"
EndProject
Project("{9A19103F-16F7-4668-BE54-9A1E7A4F7556}") = "ModernRecrut.MVC.UnitTests", "tests\ModernRecrut.MVC.UnitTests\ModernRecrut.MVC.UnitTests.csproj", "{36FE8594-86C7-4DB6-8903-E6FA309EEEA4}"
EndProject
Project("{9A19103F-16F7-4668-BE54-9A1E7A4F7556}") = "ModernRecrut.Postulations.API.UnitTests", "tests\ModernRecrut.Postulations.API.UnitTests\ModernRecrut.Postulations.API.UnitTests.csproj", "{8E9F87A8-3617-415A-9762-A0B27FAB9999}"
EndProject
Project("{9A19103F-16F7-4668-BE54-9A1E7A4F7556}") = "ModernRecrut.Postulations.ApplicationCore.UnitTests", "tests\ModernRecrut.Postulations.ApplicationCore.UnitTests\ModernRecrut.Postulations.ApplicationCore.UnitTests.csproj", "{0CFCA103-F90B-4D2F-B62F-760DA6F11224}"
EndProject
Project("{9A19103F-16F7-4668-BE54-9A1E7A4F7556}") = "ModernRecrut.Postulations.API", "src\ModernRecrut.Postulations.API\ModernRecrut.Postulations.API.csproj", "{14775B3B-7C96-4A7B-89E9-D837E37D5878}"
EndProject
Project("{9A19103F-16F7-4668-BE54-9A1E7A4F7556}") = "ModernRecrut.Postulations.ApplicationCore", "src\ModernRecrut.Postulations.ApplicationCore\ModernRecrut.Postulations.ApplicationCore.csproj", "{B2FFD529-08DE-4BC2-88B2-37D40464A677}"
EndProject
Project("{9A19103F-16F7-4668-BE54-9A1E7A4F7556}") = "ModernRecrut.Postulations.Infrastructure", "src\ModernRecrut.Postulations.Infrastructure\ModernRecrut.Postulations.Infrastructure.csproj", "{64AD3055-ADA9-4102-8BA1-4CBD95775E16}"
EndProject
Project("{FAE04EC0-301F-11D3-BF4B-00C04F79EFBC}") = "FunctionDocuments", "FunctionDocuments\FunctionDocuments.csproj", "{F48CBEAF-6747-4960-A421-CAE3FA78BD1B}"
EndProject
Global
	GlobalSection(SolutionConfigurationPlatforms) = preSolution
		Debug|Any CPU = Debug|Any CPU
		Release|Any CPU = Release|Any CPU
	EndGlobalSection
	GlobalSection(ProjectConfigurationPlatforms) = postSolution
		{FCC1F5E8-B6DF-4296-85BE-05D9A46DC844}.Debug|Any CPU.ActiveCfg = Debug|Any CPU
		{FCC1F5E8-B6DF-4296-85BE-05D9A46DC844}.Debug|Any CPU.Build.0 = Debug|Any CPU
		{FCC1F5E8-B6DF-4296-85BE-05D9A46DC844}.Release|Any CPU.ActiveCfg = Release|Any CPU
		{FCC1F5E8-B6DF-4296-85BE-05D9A46DC844}.Release|Any CPU.Build.0 = Release|Any CPU
		{FE2EC4E7-AC41-447A-B117-43E7C4451741}.Debug|Any CPU.ActiveCfg = Debug|Any CPU
		{FE2EC4E7-AC41-447A-B117-43E7C4451741}.Debug|Any CPU.Build.0 = Debug|Any CPU
		{FE2EC4E7-AC41-447A-B117-43E7C4451741}.Release|Any CPU.ActiveCfg = Release|Any CPU
		{FE2EC4E7-AC41-447A-B117-43E7C4451741}.Release|Any CPU.Build.0 = Release|Any CPU
		{435CFE0D-DEFE-469B-AED2-837BD8161194}.Debug|Any CPU.ActiveCfg = Debug|Any CPU
		{435CFE0D-DEFE-469B-AED2-837BD8161194}.Debug|Any CPU.Build.0 = Debug|Any CPU
		{435CFE0D-DEFE-469B-AED2-837BD8161194}.Release|Any CPU.ActiveCfg = Release|Any CPU
		{435CFE0D-DEFE-469B-AED2-837BD8161194}.Release|Any CPU.Build.0 = Release|Any CPU
		{F70FE970-2C12-47EC-A68E-028212FFAC8B}.Debug|Any CPU.ActiveCfg = Debug|Any CPU
		{F70FE970-2C12-47EC-A68E-028212FFAC8B}.Debug|Any CPU.Build.0 = Debug|Any CPU
		{F70FE970-2C12-47EC-A68E-028212FFAC8B}.Release|Any CPU.ActiveCfg = Release|Any CPU
		{F70FE970-2C12-47EC-A68E-028212FFAC8B}.Release|Any CPU.Build.0 = Release|Any CPU
		{61C51058-A673-446C-A0C2-9C1A862FE798}.Debug|Any CPU.ActiveCfg = Debug|Any CPU
		{61C51058-A673-446C-A0C2-9C1A862FE798}.Debug|Any CPU.Build.0 = Debug|Any CPU
		{61C51058-A673-446C-A0C2-9C1A862FE798}.Release|Any CPU.ActiveCfg = Release|Any CPU
		{61C51058-A673-446C-A0C2-9C1A862FE798}.Release|Any CPU.Build.0 = Release|Any CPU
		{4FDF5714-2066-44B4-AEE7-CC030CCE6A87}.Debug|Any CPU.ActiveCfg = Debug|Any CPU
		{4FDF5714-2066-44B4-AEE7-CC030CCE6A87}.Debug|Any CPU.Build.0 = Debug|Any CPU
		{4FDF5714-2066-44B4-AEE7-CC030CCE6A87}.Release|Any CPU.ActiveCfg = Release|Any CPU
		{4FDF5714-2066-44B4-AEE7-CC030CCE6A87}.Release|Any CPU.Build.0 = Release|Any CPU
		{C38A7B52-A6A6-4770-9179-5453F74A0B5E}.Debug|Any CPU.ActiveCfg = Debug|Any CPU
		{C38A7B52-A6A6-4770-9179-5453F74A0B5E}.Debug|Any CPU.Build.0 = Debug|Any CPU
		{C38A7B52-A6A6-4770-9179-5453F74A0B5E}.Release|Any CPU.ActiveCfg = Release|Any CPU
		{C38A7B52-A6A6-4770-9179-5453F74A0B5E}.Release|Any CPU.Build.0 = Release|Any CPU
		{E6F98B55-235A-4FCF-89C1-DD1E2BBFA34D}.Debug|Any CPU.ActiveCfg = Debug|Any CPU
		{E6F98B55-235A-4FCF-89C1-DD1E2BBFA34D}.Debug|Any CPU.Build.0 = Debug|Any CPU
		{E6F98B55-235A-4FCF-89C1-DD1E2BBFA34D}.Release|Any CPU.ActiveCfg = Release|Any CPU
		{E6F98B55-235A-4FCF-89C1-DD1E2BBFA34D}.Release|Any CPU.Build.0 = Release|Any CPU
		{36FE8594-86C7-4DB6-8903-E6FA309EEEA4}.Debug|Any CPU.ActiveCfg = Debug|Any CPU
		{36FE8594-86C7-4DB6-8903-E6FA309EEEA4}.Debug|Any CPU.Build.0 = Debug|Any CPU
		{36FE8594-86C7-4DB6-8903-E6FA309EEEA4}.Release|Any CPU.ActiveCfg = Release|Any CPU
		{36FE8594-86C7-4DB6-8903-E6FA309EEEA4}.Release|Any CPU.Build.0 = Release|Any CPU
		{8E9F87A8-3617-415A-9762-A0B27FAB9999}.Debug|Any CPU.ActiveCfg = Debug|Any CPU
		{8E9F87A8-3617-415A-9762-A0B27FAB9999}.Debug|Any CPU.Build.0 = Debug|Any CPU
		{8E9F87A8-3617-415A-9762-A0B27FAB9999}.Release|Any CPU.ActiveCfg = Release|Any CPU
		{8E9F87A8-3617-415A-9762-A0B27FAB9999}.Release|Any CPU.Build.0 = Release|Any CPU
		{0CFCA103-F90B-4D2F-B62F-760DA6F11224}.Debug|Any CPU.ActiveCfg = Debug|Any CPU
		{0CFCA103-F90B-4D2F-B62F-760DA6F11224}.Debug|Any CPU.Build.0 = Debug|Any CPU
		{0CFCA103-F90B-4D2F-B62F-760DA6F11224}.Release|Any CPU.ActiveCfg = Release|Any CPU
		{0CFCA103-F90B-4D2F-B62F-760DA6F11224}.Release|Any CPU.Build.0 = Release|Any CPU
		{14775B3B-7C96-4A7B-89E9-D837E37D5878}.Debug|Any CPU.ActiveCfg = Debug|Any CPU
		{14775B3B-7C96-4A7B-89E9-D837E37D5878}.Debug|Any CPU.Build.0 = Debug|Any CPU
		{14775B3B-7C96-4A7B-89E9-D837E37D5878}.Release|Any CPU.ActiveCfg = Release|Any CPU
		{14775B3B-7C96-4A7B-89E9-D837E37D5878}.Release|Any CPU.Build.0 = Release|Any CPU
		{B2FFD529-08DE-4BC2-88B2-37D40464A677}.Debug|Any CPU.ActiveCfg = Debug|Any CPU
		{B2FFD529-08DE-4BC2-88B2-37D40464A677}.Debug|Any CPU.Build.0 = Debug|Any CPU
		{B2FFD529-08DE-4BC2-88B2-37D40464A677}.Release|Any CPU.ActiveCfg = Release|Any CPU
		{B2FFD529-08DE-4BC2-88B2-37D40464A677}.Release|Any CPU.Build.0 = Release|Any CPU
		{64AD3055-ADA9-4102-8BA1-4CBD95775E16}.Debug|Any CPU.ActiveCfg = Debug|Any CPU
		{64AD3055-ADA9-4102-8BA1-4CBD95775E16}.Debug|Any CPU.Build.0 = Debug|Any CPU
		{64AD3055-ADA9-4102-8BA1-4CBD95775E16}.Release|Any CPU.ActiveCfg = Release|Any CPU
		{64AD3055-ADA9-4102-8BA1-4CBD95775E16}.Release|Any CPU.Build.0 = Release|Any CPU
		{F48CBEAF-6747-4960-A421-CAE3FA78BD1B}.Debug|Any CPU.ActiveCfg = Debug|Any CPU
		{F48CBEAF-6747-4960-A421-CAE3FA78BD1B}.Debug|Any CPU.Build.0 = Debug|Any CPU
		{F48CBEAF-6747-4960-A421-CAE3FA78BD1B}.Release|Any CPU.ActiveCfg = Release|Any CPU
		{F48CBEAF-6747-4960-A421-CAE3FA78BD1B}.Release|Any CPU.Build.0 = Release|Any CPU
	EndGlobalSection
	GlobalSection(SolutionProperties) = preSolution
		HideSolutionNode = FALSE
	EndGlobalSection
	GlobalSection(NestedProjects) = preSolution
		{FCC1F5E8-B6DF-4296-85BE-05D9A46DC844} = {A643DA28-D8F6-460E-AE88-8A17D6CDA00A}
		{FE2EC4E7-AC41-447A-B117-43E7C4451741} = {A643DA28-D8F6-460E-AE88-8A17D6CDA00A}
		{435CFE0D-DEFE-469B-AED2-837BD8161194} = {A643DA28-D8F6-460E-AE88-8A17D6CDA00A}
		{F70FE970-2C12-47EC-A68E-028212FFAC8B} = {A643DA28-D8F6-460E-AE88-8A17D6CDA00A}
		{61C51058-A673-446C-A0C2-9C1A862FE798} = {A643DA28-D8F6-460E-AE88-8A17D6CDA00A}
		{4FDF5714-2066-44B4-AEE7-CC030CCE6A87} = {A643DA28-D8F6-460E-AE88-8A17D6CDA00A}
		{C38A7B52-A6A6-4770-9179-5453F74A0B5E} = {A643DA28-D8F6-460E-AE88-8A17D6CDA00A}
		{E6F98B55-235A-4FCF-89C1-DD1E2BBFA34D} = {A643DA28-D8F6-460E-AE88-8A17D6CDA00A}
		{36FE8594-86C7-4DB6-8903-E6FA309EEEA4} = {240663E5-23F0-4C1D-828F-3F35AFB1955A}
		{8E9F87A8-3617-415A-9762-A0B27FAB9999} = {240663E5-23F0-4C1D-828F-3F35AFB1955A}
		{0CFCA103-F90B-4D2F-B62F-760DA6F11224} = {240663E5-23F0-4C1D-828F-3F35AFB1955A}
		{14775B3B-7C96-4A7B-89E9-D837E37D5878} = {A643DA28-D8F6-460E-AE88-8A17D6CDA00A}
		{B2FFD529-08DE-4BC2-88B2-37D40464A677} = {A643DA28-D8F6-460E-AE88-8A17D6CDA00A}
		{64AD3055-ADA9-4102-8BA1-4CBD95775E16} = {A643DA28-D8F6-460E-AE88-8A17D6CDA00A}
		{F48CBEAF-6747-4960-A421-CAE3FA78BD1B} = {A643DA28-D8F6-460E-AE88-8A17D6CDA00A}
	EndGlobalSection
	GlobalSection(ExtensibilityGlobals) = postSolution
		SolutionGuid = {289D8391-E846-44CD-A808-07B4752AE245}
	EndGlobalSection
EndGlobal
